Microsoft Visual Studio Solution File, Format Version 12.00
# Visual Studio Version 17
VisualStudioVersion = 17.0.31903.59
MinimumVisualStudioVersion = 10.0.40219.1
Project("{FAE04EC0-301F-11D3-BF4B-00C04F79EFBC}") = "AiMate.Client", "src\AiMate.Client\AiMate.Client.csproj", "{FB2700C0-8CF7-335F-F574-352ADE511A71}"
EndProject
Project("{FAE04EC0-301F-11D3-BF4B-00C04F79EFBC}") = "AiMate.Shared", "src\AiMate.Shared\AiMate.Shared.csproj", "{FC5F1470-849E-2CCC-27D5-4D3A93520EAD}"
EndProject
Global
	GlobalSection(SolutionConfigurationPlatforms) = preSolution
		Debug|Any CPU = Debug|Any CPU
		Release|Any CPU = Release|Any CPU
	EndGlobalSection
	GlobalSection(ProjectConfigurationPlatforms) = postSolution
		{FB2700C0-8CF7-335F-F574-352ADE511A71}.Debug|Any CPU.ActiveCfg = Debug|Any CPU
		{FB2700C0-8CF7-335F-F574-352ADE511A71}.Debug|Any CPU.Build.0 = Debug|Any CPU
		{FB2700C0-8CF7-335F-F574-352ADE511A71}.Release|Any CPU.ActiveCfg = Release|Any CPU
		{FB2700C0-8CF7-335F-F574-352ADE511A71}.Release|Any CPU.Build.0 = Release|Any CPU
		{FC5F1470-849E-2CCC-27D5-4D3A93520EAD}.Debug|Any CPU.ActiveCfg = Debug|Any CPU
		{FC5F1470-849E-2CCC-27D5-4D3A93520EAD}.Debug|Any CPU.Build.0 = Debug|Any CPU
		{FC5F1470-849E-2CCC-27D5-4D3A93520EAD}.Release|Any CPU.ActiveCfg = Release|Any CPU
		{FC5F1470-849E-2CCC-27D5-4D3A93520EAD}.Release|Any CPU.Build.0 = Release|Any CPU
	EndGlobalSection
	GlobalSection(SolutionProperties) = preSolution
		HideSolutionNode = FALSE
	EndGlobalSection
	GlobalSection(ExtensibilityGlobals) = postSolution
		SolutionGuid = {CB0B8A17-EA05-4E00-935E-C9FDD8ED3F95}
	EndGlobalSection
EndGlobal
